{
  "name": "yt-live-url",
  "version": "1.0.0",
  "lockfileVersion": 2,
  "requires": true,
  "packages": {
    "": {
      "version": "1.0.0",
      "license": "ISC",
      "dependencies": {
        "undici": "^4.3.1"
      }
    },
    "node_modules/undici": {
      "version": "4.3.1",
      "resolved": "https://registry.npmjs.org/undici/-/undici-4.3.1.tgz",
      "integrity": "sha512-Oy61gPuXBE4Em/1t8QeKOSHGSqbPHLW1iRbCztbyHuKusz5j7d7b4Z9Xi8b7yFqHyCNe57SSDjBgmSUjfPCymw==",
      "engines": {
        "node": ">=12.18"
      }
    }
  },
  "dependencies": {
    "undici": {
      "version": "4.3.1",
      "resolved": "https://registry.npmjs.org/undici/-/undici-4.3.1.tgz",
      "integrity": "sha512-Oy61gPuXBE4Em/1t8QeKOSHGSqbPHLW1iRbCztbyHuKusz5j7d7b4Z9Xi8b7yFqHyCNe57SSDjBgmSUjfPCymw=="
    }
  }
}
